{
  "name": "ml-naivebayes",
  "version": "1.0.3",
  "lockfileVersion": 1,
  "requires": true,
  "dependencies": {
    "ansi-regex": {
      "version": "https://registry.npmjs.org/ansi-regex/-/ansi-regex-2.0.0.tgz",
      "integrity": "sha1-xQYbbg74qBd15Q9dZhUb9r83EQc=",
      "dev": true
    },
    "ansi-styles": {
      "version": "https://registry.npmjs.org/ansi-styles/-/ansi-styles-2.2.1.tgz",
      "integrity": "sha1-tDLdM1i2NM914eRmQ2gkBTPB3b4=",
      "dev": true
    },
    "balanced-match": {
      "version": "https://registry.npmjs.org/balanced-match/-/balanced-match-0.4.2.tgz",
      "integrity": "sha1-yz8+PHMtwPAe5wtAPzAuYddwmDg=",
      "dev": true
    },
    "brace-expansion": {
      "version": "https://registry.npmjs.org/brace-expansion/-/brace-expansion-1.1.6.tgz",
      "integrity": "sha1-cZfX6qm4fmSDkOph/GbIRCdCDfk=",
      "dev": true,
      "requires": {
        "balanced-match": "https://registry.npmjs.org/balanced-match/-/balanced-match-0.4.2.tgz",
        "concat-map": "https://registry.npmjs.org/concat-map/-/concat-map-0.0.1.tgz"
      }
    },
    "chalk": {
      "version": "https://registry.npmjs.org/chalk/-/chalk-1.1.3.tgz",
      "integrity": "sha1-qBFcVeSnAv5NFQq9OHKCKn4J/Jg=",
      "dev": true,
      "requires": {
        "ansi-styles": "https://registry.npmjs.org/ansi-styles/-/ansi-styles-2.2.1.tgz",
        "escape-string-regexp": "https://registry.npmjs.org/escape-string-regexp/-/escape-string-regexp-1.0.5.tgz",
        "has-ansi": "https://registry.npmjs.org/has-ansi/-/has-ansi-2.0.0.tgz",
        "strip-ansi": "https://registry.npmjs.org/strip-ansi/-/strip-ansi-3.0.1.tgz",
        "supports-color": "https://registry.npmjs.org/supports-color/-/supports-color-2.0.0.tgz"
      },
      "dependencies": {
        "supports-color": {
          "version": "https://registry.npmjs.org/supports-color/-/supports-color-2.0.0.tgz",
          "integrity": "sha1-U10EXOa2Nj+kARcIRimZXp3zJMc=",
          "dev": true
        }
      }
    },
    "concat-map": {
      "version": "https://registry.npmjs.org/concat-map/-/concat-map-0.0.1.tgz",
      "integrity": "sha1-2Klr13/Wjfd5OnMDajug1UBdR3s=",
      "dev": true
    },
    "data-uri-to-buffer": {
      "version": "https://registry.npmjs.org/data-uri-to-buffer/-/data-uri-to-buffer-0.0.4.tgz",
      "integrity": "sha1-RuE6udqOMJdFyNAc5UchPr2y/j8=",
      "dev": true
    },
    "escape-string-regexp": {
      "version": "https://registry.npmjs.org/escape-string-regexp/-/escape-string-regexp-1.0.5.tgz",
      "integrity": "sha1-G2HAViGQqN/2rjuyzwIAyhMLhtQ=",
      "dev": true
    },
    "graceful-fs": {
      "version": "https://registry.npmjs.org/graceful-fs/-/graceful-fs-4.1.11.tgz",
      "integrity": "sha1-Dovf5NHduIVNZOBOp8AOKgJuVlg=",
      "dev": true
    },
    "has-ansi": {
      "version": "https://registry.npmjs.org/has-ansi/-/has-ansi-2.0.0.tgz",
      "integrity": "sha1-NPUEnOHs3ysGSa8+8k5F7TVBbZE=",
      "dev": true,
      "requires": {
        "ansi-regex": "https://registry.npmjs.org/ansi-regex/-/ansi-regex-2.0.0.tgz"
      }
    },
    "minimatch": {
      "version": "https://registry.npmjs.org/minimatch/-/minimatch-3.0.3.tgz",
      "integrity": "sha1-Kk5AkLlrLbBqnX3wEFWmKnfJt3Q=",
      "dev": true,
      "requires": {
        "brace-expansion": "https://registry.npmjs.org/brace-expansion/-/brace-expansion-1.1.6.tgz"
      }
    },
    "ml-array-mean": {
      "version": "1.0.1",
      "resolved": "https://registry.npmjs.org/ml-array-mean/-/ml-array-mean-1.0.1.tgz",
      "integrity": "sha512-CeA/ArUcgaktO4Dw/NNmXqSw6W0f4MUAb2jaHSEak4gjEV6G9fDXbQmb7HQuGqJUs9QpBxwJgc0kxGG67/Kxtw=="
    },
    "ml-array-standard-deviation": {
      "version": "1.0.0",
      "resolved": "https://registry.npmjs.org/ml-array-standard-deviation/-/ml-array-standard-deviation-1.0.0.tgz",
      "integrity": "sha512-fYRH2f4Mw+WKLfj1CAwl255qWs1U8CpYrRWoOFm/84d3eSIWMpeXPws1URiyqDp6pRs3OL3uJNbUc2m8wNbXgA==",
      "requires": {
        "ml-array-variance": "1.0.0"
      }
    },
    "ml-array-variance": {
      "version": "1.0.0",
      "resolved": "https://registry.npmjs.org/ml-array-variance/-/ml-array-variance-1.0.0.tgz",
      "integrity": "sha512-uxZUWUWEE62IgG3H9WZfzdeUoAShOhK8cJ7F0/4HYRiFjUJQ7vp4gwDPgg26s06Um75KICfjX7yzGkFnRzcstg==",
      "requires": {
        "ml-array-mean": "1.0.1"
      }
    },
    "ml-dataset-iris": {
      "version": "1.0.0",
      "resolved": "https://registry.npmjs.org/ml-dataset-iris/-/ml-dataset-iris-1.0.0.tgz",
      "integrity": "sha1-Qg8yy1uHTwo7AI/JmcswxtzX4So=",
      "dev": true
    },
    "ml-stat": {
      "version": "https://registry.npmjs.org/ml-stat/-/ml-stat-1.3.3.tgz",
      "integrity": "sha1-ilSTsPZzgvv3BcJg4HBDZlWn3Po="
    },
    "mocha-better-spec-reporter": {
      "version": "https://registry.npmjs.org/mocha-better-spec-reporter/-/mocha-better-spec-reporter-3.1.0.tgz",
      "integrity": "sha1-tGLTkmS5AezyDIyaRpJHRSpXn44=",
      "dev": true,
      "requires": {
        "chalk": "https://registry.npmjs.org/chalk/-/chalk-1.1.3.tgz",
        "data-uri-to-buffer": "https://registry.npmjs.org/data-uri-to-buffer/-/data-uri-to-buffer-0.0.4.tgz",
        "diff": "https://registry.npmjs.org/diff/-/diff-3.1.0.tgz",
        "graceful-fs": "https://registry.npmjs.org/graceful-fs/-/graceful-fs-4.1.11.tgz",
        "minimatch": "https://registry.npmjs.org/minimatch/-/minimatch-3.0.3.tgz",
        "should-format": "https://registry.npmjs.org/should-format/-/should-format-3.0.2.tgz",
        "should-type": "https://registry.npmjs.org/should-type/-/should-type-1.4.0.tgz",
        "source-map": "https://registry.npmjs.org/source-map/-/source-map-0.5.6.tgz",
        "stack-trace": "https://registry.npmjs.org/stack-trace/-/stack-trace-0.0.9.tgz"
      },
      "dependencies": {
        "diff": {
          "version": "https://registry.npmjs.org/diff/-/diff-3.1.0.tgz",
          "integrity": "sha1-lAbHOkAebCs7qQHF4sROtqYMU4U=",
          "dev": true
        }
      }
    },
    "random-js": {
      "version": "1.0.8",
      "resolved": "https://registry.npmjs.org/random-js/-/random-js-1.0.8.tgz",
      "integrity": "sha1-lo/WiabyXWwKrHZig94vaIycGQo=",
      "dev": true
    },
    "should-format": {
      "version": "https://registry.npmjs.org/should-format/-/should-format-3.0.2.tgz",
      "integrity": "sha1-GlQ606v+pdwr6koLqHXt5g/iKxk=",
      "dev": true,
      "requires": {
        "should-type": "https://registry.npmjs.org/should-type/-/should-type-1.4.0.tgz",
        "should-type-adaptors": "https://registry.npmjs.org/should-type-adaptors/-/should-type-adaptors-1.0.1.tgz"
      }
    },
    "should-type": {
      "version": "https://registry.npmjs.org/should-type/-/should-type-1.4.0.tgz",
      "integrity": "sha1-B1bYzoRt/QmEOmlHcZ36DUz/XPM=",
      "dev": true
    },
    "should-type-adaptors": {
      "version": "https://registry.npmjs.org/should-type-adaptors/-/should-type-adaptors-1.0.1.tgz",
      "integrity": "sha1-7+VVPN9oz/ZuXF9RtxLcNRx3vqo=",
      "dev": true,
      "requires": {
        "should-type": "https://registry.npmjs.org/should-type/-/should-type-1.4.0.tgz",
        "should-util": "https://registry.npmjs.org/should-util/-/should-util-1.0.0.tgz"
      }
    },
    "should-util": {
      "version": "https://registry.npmjs.org/should-util/-/should-util-1.0.0.tgz",
      "integrity": "sha1-yYzaN0qmsZDfi6h8mInCtNtiAGM=",
      "dev": true
    },
    "source-map": {
      "version": "https://registry.npmjs.org/source-map/-/source-map-0.5.6.tgz",
      "integrity": "sha1-dc449SvwczxafwwRjYEzSiu19BI=",
      "dev": true
    },
    "stack-trace": {
      "version": "https://registry.npmjs.org/stack-trace/-/stack-trace-0.0.9.tgz",
      "integrity": "sha1-qPbq7KkGdMMz58Q5U/J1tFFRBpU=",
      "dev": true
    },
    "strip-ansi": {
      "version": "https://registry.npmjs.org/strip-ansi/-/strip-ansi-3.0.1.tgz",
      "integrity": "sha1-ajhfuIU9lS1f8F0Oiq+UJ43GPc8=",
      "dev": true,
      "requires": {
        "ansi-regex": "https://registry.npmjs.org/ansi-regex/-/ansi-regex-2.0.0.tgz"
      }
    }
  }
}
